
Microsoft Visual Studio Solution File, Format Version 12.00
# Visual Studio Version 16
VisualStudioVersion = 16.0.30114.105
MinimumVisualStudioVersion = 10.0.40219.1
Project("{FAE04EC0-301F-11D3-BF4B-00C04F79EFBC}") = "SistemaRestaurant", "SistemaRestaurant.csproj", "{B94466DE-DFA8-436A-AD6D-2F4CFDB62C03}"
EndProject
Project("{FAE04EC0-301F-11D3-BF4B-00C04F79EFBC}") = "RestCsharp", "..\..\..\..\Desktop\RestCsharp\RestCsharp.csproj", "{BEF95173-6B36-4441-9ABB-4D2C301F6987}"
EndProject
Global
	GlobalSection(SolutionConfigurationPlatforms) = preSolution
		Debug|Any CPU = Debug|Any CPU
		Release|Any CPU = Release|Any CPU
	EndGlobalSection
	GlobalSection(ProjectConfigurationPlatforms) = postSolution
		{B94466DE-DFA8-436A-AD6D-2F4CFDB62C03}.Debug|Any CPU.ActiveCfg = Debug|Any CPU
		{B94466DE-DFA8-436A-AD6D-2F4CFDB62C03}.Debug|Any CPU.Build.0 = Debug|Any CPU
		{B94466DE-DFA8-436A-AD6D-2F4CFDB62C03}.Release|Any CPU.ActiveCfg = Release|Any CPU
		{B94466DE-DFA8-436A-AD6D-2F4CFDB62C03}.Release|Any CPU.Build.0 = Release|Any CPU
		{BEF95173-6B36-4441-9ABB-4D2C301F6987}.Debug|Any CPU.ActiveCfg = Debug|Any CPU
		{BEF95173-6B36-4441-9ABB-4D2C301F6987}.Debug|Any CPU.Build.0 = Debug|Any CPU
		{BEF95173-6B36-4441-9ABB-4D2C301F6987}.Release|Any CPU.ActiveCfg = Release|Any CPU
		{BEF95173-6B36-4441-9ABB-4D2C301F6987}.Release|Any CPU.Build.0 = Release|Any CPU
	EndGlobalSection
	GlobalSection(SolutionProperties) = preSolution
		HideSolutionNode = FALSE
	EndGlobalSection
	GlobalSection(ExtensibilityGlobals) = postSolution
		SolutionGuid = {B5C4EE91-0B6C-422C-B2D1-AEBEEDBA7F80}
	EndGlobalSection
EndGlobal
